
Microsoft Visual Studio Solution File, Format Version 12.00
# Visual Studio Version 16
VisualStudioVersion = 16.0.28803.156
MinimumVisualStudioVersion = 10.0.40219.1
Project("{9A19103F-16F7-4668-BE54-9A1E7A4F7556}") = "SpaTemplate.Core", "src\SpaTemplate.Core\SpaTemplate.Core.csproj", "{19207855-DA4E-4032-830F-689D9651EEDC}"
EndProject
Project("{9A19103F-16F7-4668-BE54-9A1E7A4F7556}") = "SpaTemplate.Infrastructure", "src\SpaTemplate.Infrastructure\SpaTemplate.Infrastructure.csproj", "{80BDFBFB-175B-4263-ADEA-53364F9C6AB1}"
EndProject
Project("{9A19103F-16F7-4668-BE54-9A1E7A4F7556}") = "SpaTemplate.Web.Core", "src\SpaTemplate.Web.Core\SpaTemplate.Web.Core.csproj", "{E3C8A50A-AFD1-472B-8DED-DE72EDD70335}"
EndProject
Project("{FAE04EC0-301F-11D3-BF4B-00C04F79EFBC}") = "SpaTemplate.Web.Framework", "src\SpaTemplate.Web.Framework\SpaTemplate.Web.Framework.csproj", "{DA143526-18A2-4AB8-A53C-F1D6D260256F}"
EndProject
Project("{2150E333-8FDC-42A3-9474-1A3956D46DE8}") = "src", "src", "{428FCC61-478E-40A5-BC1D-97C862348207}"
EndProject
Project("{2150E333-8FDC-42A3-9474-1A3956D46DE8}") = "tests", "tests", "{AE292CA6-5A61-414F-AC0E-2DF9C8DE6A14}"
EndProject
Project("{9A19103F-16F7-4668-BE54-9A1E7A4F7556}") = "SpaTemplate.Infrastructure.Api", "src\SpaTemplate.Infrastructure.Api\SpaTemplate.Infrastructure.Api.csproj", "{38D182D5-A099-465F-95C2-AD7E8D7135AA}"
EndProject
Project("{9A19103F-16F7-4668-BE54-9A1E7A4F7556}") = "SpaTemplate.Web.Quartz", "src\SpaTemplate.Web.Quartz\SpaTemplate.Web.Quartz.csproj", "{FA59CD4E-E22C-4829-B8FB-BB5762CC17A7}"
EndProject
Project("{9A19103F-16F7-4668-BE54-9A1E7A4F7556}") = "SpaTemplate.Tests", "src\SpaTemplate.Tests\SpaTemplate.Tests.csproj", "{585678F3-67CE-4752-8637-253D4453FB4D}"
EndProject
Project("{9A19103F-16F7-4668-BE54-9A1E7A4F7556}") = "SpaTemplate.IdP", "src\SpaTemplate.IdP\SpaTemplate.IdP.csproj", "{71665DE8-536A-4011-B297-CE44832401B4}"
EndProject
Project("{2150E333-8FDC-42A3-9474-1A3956D46DE8}") = "Web", "Web", "{6AEE3BD3-6CA6-45C1-B4D0-6D965E098E09}"
EndProject
Project("{2150E333-8FDC-42A3-9474-1A3956D46DE8}") = "Core", "Core", "{6D06D38D-A3AA-4FB4-860D-9EFD222D57CD}"
EndProject
Global
	GlobalSection(SolutionConfigurationPlatforms) = preSolution
		Debug|Any CPU = Debug|Any CPU
		Debug|x64 = Debug|x64
		Release|Any CPU = Release|Any CPU
		Release|x64 = Release|x64
	EndGlobalSection
	GlobalSection(ProjectConfigurationPlatforms) = postSolution
		{19207855-DA4E-4032-830F-689D9651EEDC}.Debug|Any CPU.ActiveCfg = Debug|Any CPU
		{19207855-DA4E-4032-830F-689D9651EEDC}.Debug|Any CPU.Build.0 = Debug|Any CPU
		{19207855-DA4E-4032-830F-689D9651EEDC}.Debug|x64.ActiveCfg = Debug|Any CPU
		{19207855-DA4E-4032-830F-689D9651EEDC}.Debug|x64.Build.0 = Debug|Any CPU
		{19207855-DA4E-4032-830F-689D9651EEDC}.Release|Any CPU.ActiveCfg = Release|Any CPU
		{19207855-DA4E-4032-830F-689D9651EEDC}.Release|Any CPU.Build.0 = Release|Any CPU
		{19207855-DA4E-4032-830F-689D9651EEDC}.Release|x64.ActiveCfg = Release|Any CPU
		{19207855-DA4E-4032-830F-689D9651EEDC}.Release|x64.Build.0 = Release|Any CPU
		{80BDFBFB-175B-4263-ADEA-53364F9C6AB1}.Debug|Any CPU.ActiveCfg = Debug|Any CPU
		{80BDFBFB-175B-4263-ADEA-53364F9C6AB1}.Debug|Any CPU.Build.0 = Debug|Any CPU
		{80BDFBFB-175B-4263-ADEA-53364F9C6AB1}.Debug|x64.ActiveCfg = Debug|Any CPU
		{80BDFBFB-175B-4263-ADEA-53364F9C6AB1}.Debug|x64.Build.0 = Debug|Any CPU
		{80BDFBFB-175B-4263-ADEA-53364F9C6AB1}.Release|Any CPU.ActiveCfg = Release|Any CPU
		{80BDFBFB-175B-4263-ADEA-53364F9C6AB1}.Release|Any CPU.Build.0 = Release|Any CPU
		{80BDFBFB-175B-4263-ADEA-53364F9C6AB1}.Release|x64.ActiveCfg = Release|Any CPU
		{80BDFBFB-175B-4263-ADEA-53364F9C6AB1}.Release|x64.Build.0 = Release|Any CPU
		{E3C8A50A-AFD1-472B-8DED-DE72EDD70335}.Debug|Any CPU.ActiveCfg = Debug|Any CPU
		{E3C8A50A-AFD1-472B-8DED-DE72EDD70335}.Debug|Any CPU.Build.0 = Debug|Any CPU
		{E3C8A50A-AFD1-472B-8DED-DE72EDD70335}.Debug|x64.ActiveCfg = Debug|Any CPU
		{E3C8A50A-AFD1-472B-8DED-DE72EDD70335}.Debug|x64.Build.0 = Debug|Any CPU
		{E3C8A50A-AFD1-472B-8DED-DE72EDD70335}.Release|Any CPU.ActiveCfg = Release|Any CPU
		{E3C8A50A-AFD1-472B-8DED-DE72EDD70335}.Release|Any CPU.Build.0 = Release|Any CPU
		{E3C8A50A-AFD1-472B-8DED-DE72EDD70335}.Release|x64.ActiveCfg = Release|Any CPU
		{E3C8A50A-AFD1-472B-8DED-DE72EDD70335}.Release|x64.Build.0 = Release|Any CPU
		{DA143526-18A2-4AB8-A53C-F1D6D260256F}.Debug|Any CPU.ActiveCfg = Release|Any CPU
		{DA143526-18A2-4AB8-A53C-F1D6D260256F}.Debug|Any CPU.Build.0 = Release|Any CPU
		{DA143526-18A2-4AB8-A53C-F1D6D260256F}.Debug|x64.ActiveCfg = Release|Any CPU
		{DA143526-18A2-4AB8-A53C-F1D6D260256F}.Release|Any CPU.ActiveCfg = Release|Any CPU
		{DA143526-18A2-4AB8-A53C-F1D6D260256F}.Release|Any CPU.Build.0 = Release|Any CPU
		{DA143526-18A2-4AB8-A53C-F1D6D260256F}.Release|x64.ActiveCfg = Release|Any CPU
		{38D182D5-A099-465F-95C2-AD7E8D7135AA}.Debug|Any CPU.ActiveCfg = Debug|Any CPU
		{38D182D5-A099-465F-95C2-AD7E8D7135AA}.Debug|Any CPU.Build.0 = Debug|Any CPU
		{38D182D5-A099-465F-95C2-AD7E8D7135AA}.Debug|x64.ActiveCfg = Debug|Any CPU
		{38D182D5-A099-465F-95C2-AD7E8D7135AA}.Debug|x64.Build.0 = Debug|Any CPU
		{38D182D5-A099-465F-95C2-AD7E8D7135AA}.Release|Any CPU.ActiveCfg = Release|Any CPU
		{38D182D5-A099-465F-95C2-AD7E8D7135AA}.Release|Any CPU.Build.0 = Release|Any CPU
		{38D182D5-A099-465F-95C2-AD7E8D7135AA}.Release|x64.ActiveCfg = Release|Any CPU
		{38D182D5-A099-465F-95C2-AD7E8D7135AA}.Release|x64.Build.0 = Release|Any CPU
		{FA59CD4E-E22C-4829-B8FB-BB5762CC17A7}.Debug|Any CPU.ActiveCfg = Debug|Any CPU
		{FA59CD4E-E22C-4829-B8FB-BB5762CC17A7}.Debug|Any CPU.Build.0 = Debug|Any CPU
		{FA59CD4E-E22C-4829-B8FB-BB5762CC17A7}.Debug|x64.ActiveCfg = Debug|Any CPU
		{FA59CD4E-E22C-4829-B8FB-BB5762CC17A7}.Debug|x64.Build.0 = Debug|Any CPU
		{FA59CD4E-E22C-4829-B8FB-BB5762CC17A7}.Release|Any CPU.ActiveCfg = Release|Any CPU
		{FA59CD4E-E22C-4829-B8FB-BB5762CC17A7}.Release|Any CPU.Build.0 = Release|Any CPU
		{FA59CD4E-E22C-4829-B8FB-BB5762CC17A7}.Release|x64.ActiveCfg = Release|Any CPU
		{FA59CD4E-E22C-4829-B8FB-BB5762CC17A7}.Release|x64.Build.0 = Release|Any CPU
		{585678F3-67CE-4752-8637-253D4453FB4D}.Debug|Any CPU.ActiveCfg = Debug|Any CPU
		{585678F3-67CE-4752-8637-253D4453FB4D}.Debug|Any CPU.Build.0 = Debug|Any CPU
		{585678F3-67CE-4752-8637-253D4453FB4D}.Debug|x64.ActiveCfg = Debug|x64
		{585678F3-67CE-4752-8637-253D4453FB4D}.Debug|x64.Build.0 = Debug|x64
		{585678F3-67CE-4752-8637-253D4453FB4D}.Release|Any CPU.ActiveCfg = Release|Any CPU
		{585678F3-67CE-4752-8637-253D4453FB4D}.Release|Any CPU.Build.0 = Release|Any CPU
		{585678F3-67CE-4752-8637-253D4453FB4D}.Release|x64.ActiveCfg = Release|x64
		{585678F3-67CE-4752-8637-253D4453FB4D}.Release|x64.Build.0 = Release|x64
		{71665DE8-536A-4011-B297-CE44832401B4}.Debug|Any CPU.ActiveCfg = Debug|Any CPU
		{71665DE8-536A-4011-B297-CE44832401B4}.Debug|Any CPU.Build.0 = Debug|Any CPU
		{71665DE8-536A-4011-B297-CE44832401B4}.Debug|x64.ActiveCfg = Debug|Any CPU
		{71665DE8-536A-4011-B297-CE44832401B4}.Debug|x64.Build.0 = Debug|Any CPU
		{71665DE8-536A-4011-B297-CE44832401B4}.Release|Any CPU.ActiveCfg = Release|Any CPU
		{71665DE8-536A-4011-B297-CE44832401B4}.Release|Any CPU.Build.0 = Release|Any CPU
		{71665DE8-536A-4011-B297-CE44832401B4}.Release|x64.ActiveCfg = Release|Any CPU
		{71665DE8-536A-4011-B297-CE44832401B4}.Release|x64.Build.0 = Release|Any CPU
	EndGlobalSection
	GlobalSection(SolutionProperties) = preSolution
		HideSolutionNode = FALSE
	EndGlobalSection
	GlobalSection(NestedProjects) = preSolution
		{19207855-DA4E-4032-830F-689D9651EEDC} = {6D06D38D-A3AA-4FB4-860D-9EFD222D57CD}
		{80BDFBFB-175B-4263-ADEA-53364F9C6AB1} = {6D06D38D-A3AA-4FB4-860D-9EFD222D57CD}
		{E3C8A50A-AFD1-472B-8DED-DE72EDD70335} = {6AEE3BD3-6CA6-45C1-B4D0-6D965E098E09}
		{DA143526-18A2-4AB8-A53C-F1D6D260256F} = {6AEE3BD3-6CA6-45C1-B4D0-6D965E098E09}
		{38D182D5-A099-465F-95C2-AD7E8D7135AA} = {6AEE3BD3-6CA6-45C1-B4D0-6D965E098E09}
		{FA59CD4E-E22C-4829-B8FB-BB5762CC17A7} = {6AEE3BD3-6CA6-45C1-B4D0-6D965E098E09}
		{585678F3-67CE-4752-8637-253D4453FB4D} = {AE292CA6-5A61-414F-AC0E-2DF9C8DE6A14}
		{71665DE8-536A-4011-B297-CE44832401B4} = {6AEE3BD3-6CA6-45C1-B4D0-6D965E098E09}
		{6AEE3BD3-6CA6-45C1-B4D0-6D965E098E09} = {428FCC61-478E-40A5-BC1D-97C862348207}
		{6D06D38D-A3AA-4FB4-860D-9EFD222D57CD} = {428FCC61-478E-40A5-BC1D-97C862348207}
	EndGlobalSection
	GlobalSection(ExtensibilityGlobals) = postSolution
		SolutionGuid = {713B0C3E-A912-41F4-AF06-2E2E95ED4E6B}
	EndGlobalSection
EndGlobal
